Microsoft Visual Studio Solution File, Format Version 11.00
# Visual Studio 2008

Project("{56A56FC8-A88C-FF77-6F8A-AE33C92397DC}") = "ManaWars", "Assembly-CSharp.csproj", "{206E3F23-43CA-3C83-29DB-FC3651481526}"
EndProject
Global
	GlobalSection(SolutionConfigurationPlatforms) = preSolution
		Debug|Any CPU = Debug|Any CPU
		Release|Any CPU = Release|Any CPU
	EndGlobalSection
	GlobalSection(ProjectConfigurationPlatforms) = postSolution
		{206E3F23-43CA-3C83-29DB-FC3651481526}.Debug|Any CPU.ActiveCfg = Debug|Any CPU
		{206E3F23-43CA-3C83-29DB-FC3651481526}.Debug|Any CPU.Build.0 = Debug|Any CPU
		{206E3F23-43CA-3C83-29DB-FC3651481526}.Release|Any CPU.ActiveCfg = Release|Any CPU
		{206E3F23-43CA-3C83-29DB-FC3651481526}.Release|Any CPU.Build.0 = Release|Any CPU
	EndGlobalSection
	GlobalSection(SolutionProperties) = preSolution
		HideSolutionNode = FALSE
	EndGlobalSection
	GlobalSection(MonoDevelopProperties) = preSolution
		StartupItem = Assembly-CSharp.csproj
	EndGlobalSection
EndGlobal
